
Microsoft Visual Studio Solution File, Format Version 12.00
# Visual Studio Version 17
VisualStudioVersion = 17.0.31903.59
MinimumVisualStudioVersion = 10.0.40219.1
Project("{2150E333-8FDC-42A3-9474-1A3956D46DE8}") = "src", "src", "{827E0CD3-B72D-47B6-A68D-7590B98EB39B}"
EndProject
Project("{FAE04EC0-301F-11D3-BF4B-00C04F79EFBC}") = "OmsiLaunch.Api", "src\OmsiLaunch.Api\OmsiLaunch.Api.csproj", "{667CE0AA-F0B9-47E5-9D3A-D6D4E9BB8DE8}"
EndProject
Project("{FAE04EC0-301F-11D3-BF4B-00C04F79EFBC}") = "OmsiLaunch.Core", "src\OmsiLaunch.Core\OmsiLaunch.Core.csproj", "{064125CE-C1D2-422A-9F2D-404C36727222}"
EndProject
Project("{FAE04EC0-301F-11D3-BF4B-00C04F79EFBC}") = "OmsiLaunch.Content", "src\OmsiLaunch.Content\OmsiLaunch.Content.csproj", "{8E898FF5-9F82-4964-B717-2A631D1AD96B}"
EndProject
Project("{FAE04EC0-301F-11D3-BF4B-00C04F79EFBC}") = "OmsiLaunch.Configuration", "src\OmsiLaunch.Configuration\OmsiLaunch.Configuration.csproj", "{899F266D-65BE-4592-9ECE-A565C5897553}"
EndProject
Project("{FAE04EC0-301F-11D3-BF4B-00C04F79EFBC}") = "OmsiLaunch.Process", "src\OmsiLaunch.Process\OmsiLaunch.Process.csproj", "{0DA598D3-0C3E-4DC8-BA29-F463ECA4CC46}"
EndProject
Project("{FAE04EC0-301F-11D3-BF4B-00C04F79EFBC}") = "OmsiLaunch.Interop", "src\OmsiLaunch.Interop\OmsiLaunch.Interop.csproj", "{2AC947BD-7FA2-4B70-92C5-21A144C7FD55}"
EndProject
Project("{FAE04EC0-301F-11D3-BF4B-00C04F79EFBC}") = "OmsiLaunch.Plugin", "src\OmsiLaunch.Plugin\OmsiLaunch.Plugin.csproj", "{FED252C8-997A-4F8B-BAC5-1E363B960AC1}"
EndProject
Project("{FAE04EC0-301F-11D3-BF4B-00C04F79EFBC}") = "OmsiLaunch.Builds.Omsi23004", "src\OmsiLaunch.Builds.Omsi23004\OmsiLaunch.Builds.Omsi23004.csproj", "{A9CB3E63-E436-4625-8755-8B6EE8707BAA}"
EndProject
Project("{2150E333-8FDC-42A3-9474-1A3956D46DE8}") = "tests", "tests", "{0AB3BF05-4346-4AA6-1389-037BE0695223}"
EndProject
Project("{FAE04EC0-301F-11D3-BF4B-00C04F79EFBC}") = "OmsiLaunch.UnitTests", "tests\OmsiLaunch.UnitTests\OmsiLaunch.UnitTests.csproj", "{5A0A5ACB-780B-4DAC-9F12-E8C2A5606DA7}"
EndProject
Project("{FAE04EC0-301F-11D3-BF4B-00C04F79EFBC}") = "OmsiLaunch.IntegrationTests", "tests\OmsiLaunch.IntegrationTests\OmsiLaunch.IntegrationTests.csproj", "{AB1FA4D2-66E9-4E13-B3BD-DCB41F56FDAC}"
EndProject
Project("{2150E333-8FDC-42A3-9474-1A3956D46DE8}") = "tools", "tools", "{07C2787E-EAC7-C090-1BA3-A61EC2A24D84}"
EndProject
Project("{FAE04EC0-301F-11D3-BF4B-00C04F79EFBC}") = "OmsiLaunch.Cli", "tools\OmsiLaunch.Cli\OmsiLaunch.Cli.csproj", "{00A079E8-BEEC-46F7-856E-DFCA90E651A1}"
EndProject
Project("{FAE04EC0-301F-11D3-BF4B-00C04F79EFBC}") = "OmsiLaunch.TestHost", "tools\OmsiLaunch.TestHost\OmsiLaunch.TestHost.csproj", "{505F0627-0AD0-4EB5-8B73-916605F0E125}"
EndProject
Project("{FAE04EC0-301F-11D3-BF4B-00C04F79EFBC}") = "OmsiLaunch.ProfileTests", "tests\OmsiLaunch.ProfileTests\OmsiLaunch.ProfileTests.csproj", "{87EE0108-8C08-4CDF-B3C6-85EFF844276A}"
EndProject
Project("{FAE04EC0-301F-11D3-BF4B-00C04F79EFBC}") = "OmsiLaunch.WindowsUiTests", "tests\OmsiLaunch.WindowsUiTests\OmsiLaunch.WindowsUiTests.csproj", "{1EEBA406-4A65-4BD9-89BB-16813D70E3A2}"
EndProject
Project("{FAE04EC0-301F-11D3-BF4B-00C04F79EFBC}") = "OmsiLaunch.DocumentationTests", "tests\OmsiLaunch.DocumentationTests\OmsiLaunch.DocumentationTests.csproj", "{6B40152E-FC05-42AB-B57F-E17990CD056F}"
EndProject
Global
	GlobalSection(SolutionConfigurationPlatforms) = preSolution
		Debug|Any CPU = Debug|Any CPU
		Debug|x64 = Debug|x64
		Debug|x86 = Debug|x86
		Release|Any CPU = Release|Any CPU
		Release|x64 = Release|x64
		Release|x86 = Release|x86
	EndGlobalSection
	GlobalSection(ProjectConfigurationPlatforms) = postSolution
		{667CE0AA-F0B9-47E5-9D3A-D6D4E9BB8DE8}.Debug|Any CPU.ActiveCfg = Debug|Any CPU
		{667CE0AA-F0B9-47E5-9D3A-D6D4E9BB8DE8}.Debug|Any CPU.Build.0 = Debug|Any CPU
		{667CE0AA-F0B9-47E5-9D3A-D6D4E9BB8DE8}.Debug|x64.ActiveCfg = Debug|Any CPU
		{667CE0AA-F0B9-47E5-9D3A-D6D4E9BB8DE8}.Debug|x64.Build.0 = Debug|Any CPU
		{667CE0AA-F0B9-47E5-9D3A-D6D4E9BB8DE8}.Debug|x86.ActiveCfg = Debug|Any CPU
		{667CE0AA-F0B9-47E5-9D3A-D6D4E9BB8DE8}.Debug|x86.Build.0 = Debug|Any CPU
		{667CE0AA-F0B9-47E5-9D3A-D6D4E9BB8DE8}.Release|Any CPU.ActiveCfg = Release|Any CPU
		{667CE0AA-F0B9-47E5-9D3A-D6D4E9BB8DE8}.Release|Any CPU.Build.0 = Release|Any CPU
		{667CE0AA-F0B9-47E5-9D3A-D6D4E9BB8DE8}.Release|x64.ActiveCfg = Release|Any CPU
		{667CE0AA-F0B9-47E5-9D3A-D6D4E9BB8DE8}.Release|x64.Build.0 = Release|Any CPU
		{667CE0AA-F0B9-47E5-9D3A-D6D4E9BB8DE8}.Release|x86.ActiveCfg = Release|Any CPU
		{667CE0AA-F0B9-47E5-9D3A-D6D4E9BB8DE8}.Release|x86.Build.0 = Release|Any CPU
		{064125CE-C1D2-422A-9F2D-404C36727222}.Debug|Any CPU.ActiveCfg = Debug|Any CPU
		{064125CE-C1D2-422A-9F2D-404C36727222}.Debug|Any CPU.Build.0 = Debug|Any CPU
		{064125CE-C1D2-422A-9F2D-404C36727222}.Debug|x64.ActiveCfg = Debug|Any CPU
		{064125CE-C1D2-422A-9F2D-404C36727222}.Debug|x64.Build.0 = Debug|Any CPU
		{064125CE-C1D2-422A-9F2D-404C36727222}.Debug|x86.ActiveCfg = Debug|Any CPU
		{064125CE-C1D2-422A-9F2D-404C36727222}.Debug|x86.Build.0 = Debug|Any CPU
		{064125CE-C1D2-422A-9F2D-404C36727222}.Release|Any CPU.ActiveCfg = Release|Any CPU
		{064125CE-C1D2-422A-9F2D-404C36727222}.Release|Any CPU.Build.0 = Release|Any CPU
		{064125CE-C1D2-422A-9F2D-404C36727222}.Release|x64.ActiveCfg = Release|Any CPU
		{064125CE-C1D2-422A-9F2D-404C36727222}.Release|x64.Build.0 = Release|Any CPU
		{064125CE-C1D2-422A-9F2D-404C36727222}.Release|x86.ActiveCfg = Release|Any CPU
		{064125CE-C1D2-422A-9F2D-404C36727222}.Release|x86.Build.0 = Release|Any CPU
		{8E898FF5-9F82-4964-B717-2A631D1AD96B}.Debug|Any CPU.ActiveCfg = Debug|Any CPU
		{8E898FF5-9F82-4964-B717-2A631D1AD96B}.Debug|Any CPU.Build.0 = Debug|Any CPU
		{8E898FF5-9F82-4964-B717-2A631D1AD96B}.Debug|x64.ActiveCfg = Debug|Any CPU
		{8E898FF5-9F82-4964-B717-2A631D1AD96B}.Debug|x64.Build.0 = Debug|Any CPU
		{8E898FF5-9F82-4964-B717-2A631D1AD96B}.Debug|x86.ActiveCfg = Debug|Any CPU
		{8E898FF5-9F82-4964-B717-2A631D1AD96B}.Debug|x86.Build.0 = Debug|Any CPU
		{8E898FF5-9F82-4964-B717-2A631D1AD96B}.Release|Any CPU.ActiveCfg = Release|Any CPU
		{8E898FF5-9F82-4964-B717-2A631D1AD96B}.Release|Any CPU.Build.0 = Release|Any CPU
		{8E898FF5-9F82-4964-B717-2A631D1AD96B}.Release|x64.ActiveCfg = Release|Any CPU
		{8E898FF5-9F82-4964-B717-2A631D1AD96B}.Release|x64.Build.0 = Release|Any CPU
		{8E898FF5-9F82-4964-B717-2A631D1AD96B}.Release|x86.ActiveCfg = Release|Any CPU
		{8E898FF5-9F82-4964-B717-2A631D1AD96B}.Release|x86.Build.0 = Release|Any CPU
		{899F266D-65BE-4592-9ECE-A565C5897553}.Debug|Any CPU.ActiveCfg = Debug|Any CPU
		{899F266D-65BE-4592-9ECE-A565C5897553}.Debug|Any CPU.Build.0 = Debug|Any CPU
		{899F266D-65BE-4592-9ECE-A565C5897553}.Debug|x64.ActiveCfg = Debug|Any CPU
		{899F266D-65BE-4592-9ECE-A565C5897553}.Debug|x64.Build.0 = Debug|Any CPU
		{899F266D-65BE-4592-9ECE-A565C5897553}.Debug|x86.ActiveCfg = Debug|Any CPU
		{899F266D-65BE-4592-9ECE-A565C5897553}.Debug|x86.Build.0 = Debug|Any CPU
		{899F266D-65BE-4592-9ECE-A565C5897553}.Release|Any CPU.ActiveCfg = Release|Any CPU
		{899F266D-65BE-4592-9ECE-A565C5897553}.Release|Any CPU.Build.0 = Release|Any CPU
		{899F266D-65BE-4592-9ECE-A565C5897553}.Release|x64.ActiveCfg = Release|Any CPU
		{899F266D-65BE-4592-9ECE-A565C5897553}.Release|x64.Build.0 = Release|Any CPU
		{899F266D-65BE-4592-9ECE-A565C5897553}.Release|x86.ActiveCfg = Release|Any CPU
		{899F266D-65BE-4592-9ECE-A565C5897553}.Release|x86.Build.0 = Release|Any CPU
		{0DA598D3-0C3E-4DC8-BA29-F463ECA4CC46}.Debug|Any CPU.ActiveCfg = Debug|x86
		{0DA598D3-0C3E-4DC8-BA29-F463ECA4CC46}.Debug|Any CPU.Build.0 = Debug|x86
		{0DA598D3-0C3E-4DC8-BA29-F463ECA4CC46}.Debug|x64.ActiveCfg = Debug|x64
		{0DA598D3-0C3E-4DC8-BA29-F463ECA4CC46}.Debug|x64.Build.0 = Debug|x64
		{0DA598D3-0C3E-4DC8-BA29-F463ECA4CC46}.Debug|x86.ActiveCfg = Debug|x86
		{0DA598D3-0C3E-4DC8-BA29-F463ECA4CC46}.Debug|x86.Build.0 = Debug|x86
		{0DA598D3-0C3E-4DC8-BA29-F463ECA4CC46}.Release|Any CPU.ActiveCfg = Release|x86
		{0DA598D3-0C3E-4DC8-BA29-F463ECA4CC46}.Release|Any CPU.Build.0 = Release|x86
		{0DA598D3-0C3E-4DC8-BA29-F463ECA4CC46}.Release|x64.ActiveCfg = Release|x64
		{0DA598D3-0C3E-4DC8-BA29-F463ECA4CC46}.Release|x64.Build.0 = Release|x64
		{0DA598D3-0C3E-4DC8-BA29-F463ECA4CC46}.Release|x86.ActiveCfg = Release|x86
		{0DA598D3-0C3E-4DC8-BA29-F463ECA4CC46}.Release|x86.Build.0 = Release|x86
		{2AC947BD-7FA2-4B70-92C5-21A144C7FD55}.Debug|Any CPU.ActiveCfg = Debug|x86
		{2AC947BD-7FA2-4B70-92C5-21A144C7FD55}.Debug|Any CPU.Build.0 = Debug|x86
		{2AC947BD-7FA2-4B70-92C5-21A144C7FD55}.Debug|x64.ActiveCfg = Debug|x86
		{2AC947BD-7FA2-4B70-92C5-21A144C7FD55}.Debug|x64.Build.0 = Debug|x86
		{2AC947BD-7FA2-4B70-92C5-21A144C7FD55}.Debug|x86.ActiveCfg = Debug|x86
		{2AC947BD-7FA2-4B70-92C5-21A144C7FD55}.Debug|x86.Build.0 = Debug|x86
		{2AC947BD-7FA2-4B70-92C5-21A144C7FD55}.Release|Any CPU.ActiveCfg = Release|x86
		{2AC947BD-7FA2-4B70-92C5-21A144C7FD55}.Release|Any CPU.Build.0 = Release|x86
		{2AC947BD-7FA2-4B70-92C5-21A144C7FD55}.Release|x64.ActiveCfg = Release|x86
		{2AC947BD-7FA2-4B70-92C5-21A144C7FD55}.Release|x64.Build.0 = Release|x86
		{2AC947BD-7FA2-4B70-92C5-21A144C7FD55}.Release|x86.ActiveCfg = Release|x86
		{2AC947BD-7FA2-4B70-92C5-21A144C7FD55}.Release|x86.Build.0 = Release|x86
		{FED252C8-997A-4F8B-BAC5-1E363B960AC1}.Debug|Any CPU.ActiveCfg = Debug|x86
		{FED252C8-997A-4F8B-BAC5-1E363B960AC1}.Debug|Any CPU.Build.0 = Debug|x86
		{FED252C8-997A-4F8B-BAC5-1E363B960AC1}.Debug|x64.ActiveCfg = Debug|x86
		{FED252C8-997A-4F8B-BAC5-1E363B960AC1}.Debug|x64.Build.0 = Debug|x86
		{FED252C8-997A-4F8B-BAC5-1E363B960AC1}.Debug|x86.ActiveCfg = Debug|x86
		{FED252C8-997A-4F8B-BAC5-1E363B960AC1}.Debug|x86.Build.0 = Debug|x86
		{FED252C8-997A-4F8B-BAC5-1E363B960AC1}.Release|Any CPU.ActiveCfg = Release|x86
		{FED252C8-997A-4F8B-BAC5-1E363B960AC1}.Release|Any CPU.Build.0 = Release|x86
		{FED252C8-997A-4F8B-BAC5-1E363B960AC1}.Release|x64.ActiveCfg = Release|x86
		{FED252C8-997A-4F8B-BAC5-1E363B960AC1}.Release|x64.Build.0 = Release|x86
		{FED252C8-997A-4F8B-BAC5-1E363B960AC1}.Release|x86.ActiveCfg = Release|x86
		{FED252C8-997A-4F8B-BAC5-1E363B960AC1}.Release|x86.Build.0 = Release|x86
		{A9CB3E63-E436-4625-8755-8B6EE8707BAA}.Debug|Any CPU.ActiveCfg = Debug|x86
		{A9CB3E63-E436-4625-8755-8B6EE8707BAA}.Debug|Any CPU.Build.0 = Debug|x86
		{A9CB3E63-E436-4625-8755-8B6EE8707BAA}.Debug|x64.ActiveCfg = Debug|x86
		{A9CB3E63-E436-4625-8755-8B6EE8707BAA}.Debug|x64.Build.0 = Debug|x86
		{A9CB3E63-E436-4625-8755-8B6EE8707BAA}.Debug|x86.ActiveCfg = Debug|x86
		{A9CB3E63-E436-4625-8755-8B6EE8707BAA}.Debug|x86.Build.0 = Debug|x86
		{A9CB3E63-E436-4625-8755-8B6EE8707BAA}.Release|Any CPU.ActiveCfg = Release|x86
		{A9CB3E63-E436-4625-8755-8B6EE8707BAA}.Release|Any CPU.Build.0 = Release|x86
		{A9CB3E63-E436-4625-8755-8B6EE8707BAA}.Release|x64.ActiveCfg = Release|x86
		{A9CB3E63-E436-4625-8755-8B6EE8707BAA}.Release|x64.Build.0 = Release|x86
		{A9CB3E63-E436-4625-8755-8B6EE8707BAA}.Release|x86.ActiveCfg = Release|x86
		{A9CB3E63-E436-4625-8755-8B6EE8707BAA}.Release|x86.Build.0 = Release|x86
		{5A0A5ACB-780B-4DAC-9F12-E8C2A5606DA7}.Debug|Any CPU.ActiveCfg = Debug|Any CPU
		{5A0A5ACB-780B-4DAC-9F12-E8C2A5606DA7}.Debug|Any CPU.Build.0 = Debug|Any CPU
		{5A0A5ACB-780B-4DAC-9F12-E8C2A5606DA7}.Debug|x64.ActiveCfg = Debug|Any CPU
		{5A0A5ACB-780B-4DAC-9F12-E8C2A5606DA7}.Debug|x64.Build.0 = Debug|Any CPU
		{5A0A5ACB-780B-4DAC-9F12-E8C2A5606DA7}.Debug|x86.ActiveCfg = Debug|Any CPU
		{5A0A5ACB-780B-4DAC-9F12-E8C2A5606DA7}.Debug|x86.Build.0 = Debug|Any CPU
		{5A0A5ACB-780B-4DAC-9F12-E8C2A5606DA7}.Release|Any CPU.ActiveCfg = Release|Any CPU
		{5A0A5ACB-780B-4DAC-9F12-E8C2A5606DA7}.Release|Any CPU.Build.0 = Release|Any CPU
		{5A0A5ACB-780B-4DAC-9F12-E8C2A5606DA7}.Release|x64.ActiveCfg = Release|Any CPU
		{5A0A5ACB-780B-4DAC-9F12-E8C2A5606DA7}.Release|x64.Build.0 = Release|Any CPU
		{5A0A5ACB-780B-4DAC-9F12-E8C2A5606DA7}.Release|x86.ActiveCfg = Release|Any CPU
		{5A0A5ACB-780B-4DAC-9F12-E8C2A5606DA7}.Release|x86.Build.0 = Release|Any CPU
		{AB1FA4D2-66E9-4E13-B3BD-DCB41F56FDAC}.Debug|Any CPU.ActiveCfg = Debug|x86
		{AB1FA4D2-66E9-4E13-B3BD-DCB41F56FDAC}.Debug|Any CPU.Build.0 = Debug|x86
		{AB1FA4D2-66E9-4E13-B3BD-DCB41F56FDAC}.Debug|x64.ActiveCfg = Debug|x86
		{AB1FA4D2-66E9-4E13-B3BD-DCB41F56FDAC}.Debug|x64.Build.0 = Debug|x86
		{AB1FA4D2-66E9-4E13-B3BD-DCB41F56FDAC}.Debug|x86.ActiveCfg = Debug|x86
		{AB1FA4D2-66E9-4E13-B3BD-DCB41F56FDAC}.Debug|x86.Build.0 = Debug|x86
		{AB1FA4D2-66E9-4E13-B3BD-DCB41F56FDAC}.Release|Any CPU.ActiveCfg = Release|x86
		{AB1FA4D2-66E9-4E13-B3BD-DCB41F56FDAC}.Release|Any CPU.Build.0 = Release|x86
		{AB1FA4D2-66E9-4E13-B3BD-DCB41F56FDAC}.Release|x64.ActiveCfg = Release|x86
		{AB1FA4D2-66E9-4E13-B3BD-DCB41F56FDAC}.Release|x64.Build.0 = Release|x86
		{AB1FA4D2-66E9-4E13-B3BD-DCB41F56FDAC}.Release|x86.ActiveCfg = Release|x86
		{AB1FA4D2-66E9-4E13-B3BD-DCB41F56FDAC}.Release|x86.Build.0 = Release|x86
		{00A079E8-BEEC-46F7-856E-DFCA90E651A1}.Debug|Any CPU.ActiveCfg = Debug|Any CPU
		{00A079E8-BEEC-46F7-856E-DFCA90E651A1}.Debug|Any CPU.Build.0 = Debug|Any CPU
		{00A079E8-BEEC-46F7-856E-DFCA90E651A1}.Debug|x64.ActiveCfg = Debug|Any CPU
		{00A079E8-BEEC-46F7-856E-DFCA90E651A1}.Debug|x64.Build.0 = Debug|Any CPU
		{00A079E8-BEEC-46F7-856E-DFCA90E651A1}.Debug|x86.ActiveCfg = Debug|Any CPU
		{00A079E8-BEEC-46F7-856E-DFCA90E651A1}.Debug|x86.Build.0 = Debug|Any CPU
		{00A079E8-BEEC-46F7-856E-DFCA90E651A1}.Release|Any CPU.ActiveCfg = Release|Any CPU
		{00A079E8-BEEC-46F7-856E-DFCA90E651A1}.Release|Any CPU.Build.0 = Release|Any CPU
		{00A079E8-BEEC-46F7-856E-DFCA90E651A1}.Release|x64.ActiveCfg = Release|Any CPU
		{00A079E8-BEEC-46F7-856E-DFCA90E651A1}.Release|x64.Build.0 = Release|Any CPU
		{00A079E8-BEEC-46F7-856E-DFCA90E651A1}.Release|x86.ActiveCfg = Release|Any CPU
		{00A079E8-BEEC-46F7-856E-DFCA90E651A1}.Release|x86.Build.0 = Release|Any CPU
		{505F0627-0AD0-4EB5-8B73-916605F0E125}.Debug|Any CPU.ActiveCfg = Debug|x86
		{505F0627-0AD0-4EB5-8B73-916605F0E125}.Debug|Any CPU.Build.0 = Debug|x86
		{505F0627-0AD0-4EB5-8B73-916605F0E125}.Debug|x64.ActiveCfg = Debug|x64
		{505F0627-0AD0-4EB5-8B73-916605F0E125}.Debug|x64.Build.0 = Debug|x64
		{505F0627-0AD0-4EB5-8B73-916605F0E125}.Debug|x86.ActiveCfg = Debug|x86
		{505F0627-0AD0-4EB5-8B73-916605F0E125}.Debug|x86.Build.0 = Debug|x86
		{505F0627-0AD0-4EB5-8B73-916605F0E125}.Release|Any CPU.ActiveCfg = Release|x86
		{505F0627-0AD0-4EB5-8B73-916605F0E125}.Release|Any CPU.Build.0 = Release|x86
		{505F0627-0AD0-4EB5-8B73-916605F0E125}.Release|x64.ActiveCfg = Release|x64
		{505F0627-0AD0-4EB5-8B73-916605F0E125}.Release|x64.Build.0 = Release|x64
		{505F0627-0AD0-4EB5-8B73-916605F0E125}.Release|x86.ActiveCfg = Release|x86
		{505F0627-0AD0-4EB5-8B73-916605F0E125}.Release|x86.Build.0 = Release|x86
		{87EE0108-8C08-4CDF-B3C6-85EFF844276A}.Debug|Any CPU.ActiveCfg = Debug|Any CPU
		{87EE0108-8C08-4CDF-B3C6-85EFF844276A}.Debug|Any CPU.Build.0 = Debug|Any CPU
		{87EE0108-8C08-4CDF-B3C6-85EFF844276A}.Debug|x64.ActiveCfg = Debug|Any CPU
		{87EE0108-8C08-4CDF-B3C6-85EFF844276A}.Debug|x64.Build.0 = Debug|Any CPU
		{87EE0108-8C08-4CDF-B3C6-85EFF844276A}.Debug|x86.ActiveCfg = Debug|Any CPU
		{87EE0108-8C08-4CDF-B3C6-85EFF844276A}.Debug|x86.Build.0 = Debug|Any CPU
		{87EE0108-8C08-4CDF-B3C6-85EFF844276A}.Release|Any CPU.ActiveCfg = Release|Any CPU
		{87EE0108-8C08-4CDF-B3C6-85EFF844276A}.Release|Any CPU.Build.0 = Release|Any CPU
		{87EE0108-8C08-4CDF-B3C6-85EFF844276A}.Release|x64.ActiveCfg = Release|Any CPU
		{87EE0108-8C08-4CDF-B3C6-85EFF844276A}.Release|x64.Build.0 = Release|Any CPU
		{87EE0108-8C08-4CDF-B3C6-85EFF844276A}.Release|x86.ActiveCfg = Release|Any CPU
		{87EE0108-8C08-4CDF-B3C6-85EFF844276A}.Release|x86.Build.0 = Release|Any CPU
		{1EEBA406-4A65-4BD9-89BB-16813D70E3A2}.Debug|Any CPU.ActiveCfg = Debug|Any CPU
		{1EEBA406-4A65-4BD9-89BB-16813D70E3A2}.Debug|Any CPU.Build.0 = Debug|Any CPU
		{1EEBA406-4A65-4BD9-89BB-16813D70E3A2}.Debug|x64.ActiveCfg = Debug|Any CPU
		{1EEBA406-4A65-4BD9-89BB-16813D70E3A2}.Debug|x64.Build.0 = Debug|Any CPU
		{1EEBA406-4A65-4BD9-89BB-16813D70E3A2}.Debug|x86.ActiveCfg = Debug|Any CPU
		{1EEBA406-4A65-4BD9-89BB-16813D70E3A2}.Debug|x86.Build.0 = Debug|Any CPU
		{1EEBA406-4A65-4BD9-89BB-16813D70E3A2}.Release|Any CPU.ActiveCfg = Release|Any CPU
		{1EEBA406-4A65-4BD9-89BB-16813D70E3A2}.Release|Any CPU.Build.0 = Release|Any CPU
		{1EEBA406-4A65-4BD9-89BB-16813D70E3A2}.Release|x64.ActiveCfg = Release|Any CPU
		{1EEBA406-4A65-4BD9-89BB-16813D70E3A2}.Release|x64.Build.0 = Release|Any CPU
		{1EEBA406-4A65-4BD9-89BB-16813D70E3A2}.Release|x86.ActiveCfg = Release|Any CPU
		{1EEBA406-4A65-4BD9-89BB-16813D70E3A2}.Release|x86.Build.0 = Release|Any CPU
		{6B40152E-FC05-42AB-B57F-E17990CD056F}.Debug|Any CPU.ActiveCfg = Debug|Any CPU
		{6B40152E-FC05-42AB-B57F-E17990CD056F}.Debug|Any CPU.Build.0 = Debug|Any CPU
		{6B40152E-FC05-42AB-B57F-E17990CD056F}.Debug|x64.ActiveCfg = Debug|Any CPU
		{6B40152E-FC05-42AB-B57F-E17990CD056F}.Debug|x64.Build.0 = Debug|Any CPU
		{6B40152E-FC05-42AB-B57F-E17990CD056F}.Debug|x86.ActiveCfg = Debug|Any CPU
		{6B40152E-FC05-42AB-B57F-E17990CD056F}.Debug|x86.Build.0 = Debug|Any CPU
		{6B40152E-FC05-42AB-B57F-E17990CD056F}.Release|Any CPU.ActiveCfg = Release|Any CPU
		{6B40152E-FC05-42AB-B57F-E17990CD056F}.Release|Any CPU.Build.0 = Release|Any CPU
		{6B40152E-FC05-42AB-B57F-E17990CD056F}.Release|x64.ActiveCfg = Release|Any CPU
		{6B40152E-FC05-42AB-B57F-E17990CD056F}.Release|x64.Build.0 = Release|Any CPU
		{6B40152E-FC05-42AB-B57F-E17990CD056F}.Release|x86.ActiveCfg = Release|Any CPU
		{6B40152E-FC05-42AB-B57F-E17990CD056F}.Release|x86.Build.0 = Release|Any CPU
	EndGlobalSection
	GlobalSection(SolutionProperties) = preSolution
		HideSolutionNode = FALSE
	EndGlobalSection
	GlobalSection(NestedProjects) = preSolution
		{667CE0AA-F0B9-47E5-9D3A-D6D4E9BB8DE8} = {827E0CD3-B72D-47B6-A68D-7590B98EB39B}
		{064125CE-C1D2-422A-9F2D-404C36727222} = {827E0CD3-B72D-47B6-A68D-7590B98EB39B}
		{8E898FF5-9F82-4964-B717-2A631D1AD96B} = {827E0CD3-B72D-47B6-A68D-7590B98EB39B}
		{899F266D-65BE-4592-9ECE-A565C5897553} = {827E0CD3-B72D-47B6-A68D-7590B98EB39B}
		{0DA598D3-0C3E-4DC8-BA29-F463ECA4CC46} = {827E0CD3-B72D-47B6-A68D-7590B98EB39B}
		{2AC947BD-7FA2-4B70-92C5-21A144C7FD55} = {827E0CD3-B72D-47B6-A68D-7590B98EB39B}
		{FED252C8-997A-4F8B-BAC5-1E363B960AC1} = {827E0CD3-B72D-47B6-A68D-7590B98EB39B}
		{A9CB3E63-E436-4625-8755-8B6EE8707BAA} = {827E0CD3-B72D-47B6-A68D-7590B98EB39B}
		{5A0A5ACB-780B-4DAC-9F12-E8C2A5606DA7} = {0AB3BF05-4346-4AA6-1389-037BE0695223}
		{AB1FA4D2-66E9-4E13-B3BD-DCB41F56FDAC} = {0AB3BF05-4346-4AA6-1389-037BE0695223}
		{00A079E8-BEEC-46F7-856E-DFCA90E651A1} = {07C2787E-EAC7-C090-1BA3-A61EC2A24D84}
		{505F0627-0AD0-4EB5-8B73-916605F0E125} = {07C2787E-EAC7-C090-1BA3-A61EC2A24D84}
		{87EE0108-8C08-4CDF-B3C6-85EFF844276A} = {0AB3BF05-4346-4AA6-1389-037BE0695223}
		{1EEBA406-4A65-4BD9-89BB-16813D70E3A2} = {0AB3BF05-4346-4AA6-1389-037BE0695223}
		{6B40152E-FC05-42AB-B57F-E17990CD056F} = {0AB3BF05-4346-4AA6-1389-037BE0695223}
	EndGlobalSection
EndGlobal
